
Microsoft Visual Studio Solution File, Format Version 12.00
# Visual Studio 14
VisualStudioVersion = 14.0.25420.1
MinimumVisualStudioVersion = 10.0.40219.1
Project("{FAE04EC0-301F-11D3-BF4B-00C04F79EFBC}") = "Webrtc_SignalR", "Webrtc_SignalR\Webrtc_SignalR.csproj", "{6297BB65-E08E-45C0-9F5D-948A7AB31904}"
EndProject
Global
	GlobalSection(SolutionConfigurationPlatforms) = preSolution
		Debug|Any CPU = Debug|Any CPU
		Release|Any CPU = Release|Any CPU
	EndGlobalSection
	GlobalSection(ProjectConfigurationPlatforms) = postSolution
		{6297BB65-E08E-45C0-9F5D-948A7AB31904}.Debug|Any CPU.ActiveCfg = Debug|Any CPU
		{6297BB65-E08E-45C0-9F5D-948A7AB31904}.Debug|Any CPU.Build.0 = Debug|Any CPU
		{6297BB65-E08E-45C0-9F5D-948A7AB31904}.Release|Any CPU.ActiveCfg = Release|Any CPU
		{6297BB65-E08E-45C0-9F5D-948A7AB31904}.Release|Any CPU.Build.0 = Release|Any CPU
	EndGlobalSection
	GlobalSection(SolutionProperties) = preSolution
		HideSolutionNode = FALSE
	EndGlobalSection
EndGlobal
